version: 1.8.0
dependencies:
  - name: alloy
    repository: https://grafana.github.io/helm-charts
    version: 1.12.1
  - name: kube-prometheus-stack
    repository: https://prometheus-community.github.io/helm-charts
    version: 90.0.0
  - name: loki
    repository: https://grafana.github.io/helm-charts
    version: 7.3.0
  - name: opentelemetry-collector
    repository: https://open-telemetry.github.io/opentelemetry-helm-charts
    version: 0.173.1
  - name: tempo
    repository: https://grafana.github.io/helm-charts
    version: 1.24.4
digest: sha256:6a4a3d71d6e16a2ba223a4168c8a266de112e614f918097ca9a2d9b2cff1fb34
generated: "2026-09-25T01:46:16.310522+08:00"
